
Microsoft Visual Studio Solution File, Format Version 12.00
# Visual Studio Version 16
VisualStudioVersion = 16.0.30114.105
MinimumVisualStudioVersion = 10.0.40219.1
Project("{FAE04EC0-301F-11D3-BF4B-00C04F79EFBC}") = "DotNetLocalToolDemo.Lib", "DotNetLocalToolDemo.Lib\DotNetLocalToolDemo.Lib.csproj", "{801674AA-98A4-47E0-B0EE-A11160F3D4BD}"
EndProject
Project("{FAE04EC0-301F-11D3-BF4B-00C04F79EFBC}") = "DotNetLocalToolDemo.Api", "DotNetLocalToolDemo.Api\DotNetLocalToolDemo.Api.csproj", "{BC618B65-6BE2-4EE8-865C-B97075364110}"
EndProject
Global
	GlobalSection(SolutionConfigurationPlatforms) = preSolution
		Debug|Any CPU = Debug|Any CPU
		Release|Any CPU = Release|Any CPU
	EndGlobalSection
	GlobalSection(SolutionProperties) = preSolution
		HideSolutionNode = FALSE
	EndGlobalSection
	GlobalSection(ProjectConfigurationPlatforms) = postSolution
		{801674AA-98A4-47E0-B0EE-A11160F3D4BD}.Debug|Any CPU.ActiveCfg = Debug|Any CPU
		{801674AA-98A4-47E0-B0EE-A11160F3D4BD}.Debug|Any CPU.Build.0 = Debug|Any CPU
		{801674AA-98A4-47E0-B0EE-A11160F3D4BD}.Release|Any CPU.ActiveCfg = Release|Any CPU
		{801674AA-98A4-47E0-B0EE-A11160F3D4BD}.Release|Any CPU.Build.0 = Release|Any CPU
		{BC618B65-6BE2-4EE8-865C-B97075364110}.Debug|Any CPU.ActiveCfg = Debug|Any CPU
		{BC618B65-6BE2-4EE8-865C-B97075364110}.Debug|Any CPU.Build.0 = Debug|Any CPU
		{BC618B65-6BE2-4EE8-865C-B97075364110}.Release|Any CPU.ActiveCfg = Release|Any CPU
		{BC618B65-6BE2-4EE8-865C-B97075364110}.Release|Any CPU.Build.0 = Release|Any CPU
	EndGlobalSection
EndGlobal
